
Microsoft Visual Studio Solution File, Format Version 12.00
# Visual Studio Version 17
VisualStudioVersion = 17.8.34309.116
MinimumVisualStudioVersion = 10.0.40219.1
Project("{FAE04EC0-301F-11D3-BF4B-00C04F79EFBC}") = "Portfolio", "Portfolio\Portfolio.csproj", "{688EA57A-ACD4-4B84-9985-3D71CA172619}"
EndProject
Project("{FAE04EC0-301F-11D3-BF4B-00C04F79EFBC}") = "Portfolio.Common", "Portfolio.Common\Portfolio.Common.csproj", "{83399961-8893-4ECD-B91B-BDE693371A76}"
EndProject
Project("{FAE04EC0-301F-11D3-BF4B-00C04F79EFBC}") = "Portfolio.Application", "Portfolio.Application\Portfolio.Application.csproj", "{EA173D82-9425-4506-9620-2EC3E2FC826C}"
EndProject
Project("{FAE04EC0-301F-11D3-BF4B-00C04F79EFBC}") = "Portfolio.Infrastructure", "Portfolio.Infrastructure\Portfolio.Infrastructure.csproj", "{CF2BA36E-18D6-48A2-AF26-F5D68473C6E9}"
EndProject
Project("{FAE04EC0-301F-11D3-BF4B-00C04F79EFBC}") = "Portfolio.Domain", "Portfolio.Domain\Portfolio.Domain.csproj", "{006CFE08-72A1-482C-8CF0-DD4070FB6DD7}"
EndProject
Global
	GlobalSection(SolutionConfigurationPlatforms) = preSolution
		Debug|Any CPU = Debug|Any CPU
		Release|Any CPU = Release|Any CPU
	EndGlobalSection
	GlobalSection(ProjectConfigurationPlatforms) = postSolution
		{688EA57A-ACD4-4B84-9985-3D71CA172619}.Debug|Any CPU.ActiveCfg = Debug|Any CPU
		{688EA57A-ACD4-4B84-9985-3D71CA172619}.Debug|Any CPU.Build.0 = Debug|Any CPU
		{688EA57A-ACD4-4B84-9985-3D71CA172619}.Release|Any CPU.ActiveCfg = Release|Any CPU
		{688EA57A-ACD4-4B84-9985-3D71CA172619}.Release|Any CPU.Build.0 = Release|Any CPU
		{83399961-8893-4ECD-B91B-BDE693371A76}.Debug|Any CPU.ActiveCfg = Debug|Any CPU
		{83399961-8893-4ECD-B91B-BDE693371A76}.Debug|Any CPU.Build.0 = Debug|Any CPU
		{83399961-8893-4ECD-B91B-BDE693371A76}.Release|Any CPU.ActiveCfg = Release|Any CPU
		{83399961-8893-4ECD-B91B-BDE693371A76}.Release|Any CPU.Build.0 = Release|Any CPU
		{EA173D82-9425-4506-9620-2EC3E2FC826C}.Debug|Any CPU.ActiveCfg = Debug|Any CPU
		{EA173D82-9425-4506-9620-2EC3E2FC826C}.Debug|Any CPU.Build.0 = Debug|Any CPU
		{EA173D82-9425-4506-9620-2EC3E2FC826C}.Release|Any CPU.ActiveCfg = Release|Any CPU
		{EA173D82-9425-4506-9620-2EC3E2FC826C}.Release|Any CPU.Build.0 = Release|Any CPU
		{CF2BA36E-18D6-48A2-AF26-F5D68473C6E9}.Debug|Any CPU.ActiveCfg = Debug|Any CPU
		{CF2BA36E-18D6-48A2-AF26-F5D68473C6E9}.Debug|Any CPU.Build.0 = Debug|Any CPU
		{CF2BA36E-18D6-48A2-AF26-F5D68473C6E9}.Release|Any CPU.ActiveCfg = Release|Any CPU
		{CF2BA36E-18D6-48A2-AF26-F5D68473C6E9}.Release|Any CPU.Build.0 = Release|Any CPU
		{006CFE08-72A1-482C-8CF0-DD4070FB6DD7}.Debug|Any CPU.ActiveCfg = Debug|Any CPU
		{006CFE08-72A1-482C-8CF0-DD4070FB6DD7}.Debug|Any CPU.Build.0 = Debug|Any CPU
		{006CFE08-72A1-482C-8CF0-DD4070FB6DD7}.Release|Any CPU.ActiveCfg = Release|Any CPU
		{006CFE08-72A1-482C-8CF0-DD4070FB6DD7}.Release|Any CPU.Build.0 = Release|Any CPU
	EndGlobalSection
	GlobalSection(SolutionProperties) = preSolution
		HideSolutionNode = FALSE
	EndGlobalSection
	GlobalSection(ExtensibilityGlobals) = postSolution
		SolutionGuid = {4774DDDF-FA8D-4249-9733-5C73FC9B001A}
	EndGlobalSection
EndGlobal
